// !$*UTF8*$!
{
	archiveVersion = 1;
	classes = {
	};
	objectVersion = 46;
	objects = {

/* Begin PBXBuildFile section */
		08AFD0729FDC4589A67CB184 /* libPods.a in Frameworks */ = {isa = PBXBuildFile; fileRef = 6BC21693671843EC94F1AE26 /* libPods.a */; };
		A946902419B57F1C0093475E /* Foundation.framework in Frameworks */ = {isa = PBXBuildFile; fileRef = A946902319B57F1C0093475E /* Foundation.framework */; };
		A946902619B57F1C0093475E /* CoreGraphics.framework in Frameworks */ = {isa = PBXBuildFile; fileRef = A946902519B57F1C0093475E /* CoreGraphics.framework */; };
		A946902819B57F1C0093475E /* UIKit.framework in Frameworks */ = {isa = PBXBuildFile; fileRef = A946902719B57F1C0093475E /* UIKit.framework */; };
		A946902E19B57F1C0093475E /* InfoPlist.strings in Resources */ = {isa = PBXBuildFile; fileRef = A946902C19B57F1C0093475E /* InfoPlist.strings */; };
		A946903019B57F1C0093475E /* main.m in Sources */ = {isa = PBXBuildFile; fileRef = A946902F19B57F1C0093475E /* main.m */; };
		A946903419B57F1C0093475E /* MMPAppDelegate.m in Sources */ = {isa = PBXBuildFile; fileRef = A946903319B57F1C0093475E /* MMPAppDelegate.m */; };
		A946903719B57F1C0093475E /* Main.storyboard in Resources */ = {isa = PBXBuildFile; fileRef = A946903519B57F1C0093475E /* Main.storyboard */; };
		A946903A19B57F1C0093475E /* MMPViewController.m in Sources */ = {isa = PBXBuildFile; fileRef = A946903919B57F1C0093475E /* MMPViewController.m */; };
		A946903C19B57F1C0093475E /* Images.xcassets in Resources */ = {isa = PBXBuildFile; fileRef = A946903B19B57F1C0093475E /* Images.xcassets */; };
		A946904319B57F1C0093475E /* XCTest.framework in Frameworks */ = {isa = PBXBuildFile; fileRef = A946904219B57F1C0093475E /* XCTest.framework */; };
		A946904419B57F1C0093475E /* Foundation.framework in Frameworks */ = {isa = PBXBuildFile; fileRef = A946902319B57F1C0093475E /* Foundation.framework */; };
		A946904519B57F1C0093475E /* UIKit.framework in Frameworks */ = {isa = PBXBuildFile; fileRef = A946902719B57F1C0093475E /* UIKit.framework */; };
		A946904D19B57F1C0093475E /* InfoPlist.strings in Resources */ = {isa = PBXBuildFile; fileRef = A946904B19B57F1C0093475E /* InfoPlist.strings */; };
		A946904F19B57F1C0093475E /* CSVUtilExampleTests.m in Sources */ = {isa = PBXBuildFile; fileRef = A946904E19B57F1C0093475E /* CSVUtilExampleTests.m */; };
		A946905919B5C9010093475E /* test1.csv in Resources */ = {isa = PBXBuildFile; fileRef = A946905819B5C9010093475E /* test1.csv */; };
		A97571F119D5014B008AD70D /* test2.csv in Resources */ = {isa = PBXBuildFile; fileRef = A97571EF19D5014B008AD70D /* test2.csv */; };
/* End PBXBuildFile section */

/* Begin PBXContainerItemProxy section */
		A946904619B57F1C0093475E /* PBXContainerItemProxy */ = {
			isa = PBXContainerItemProxy;
			containerPortal = A946901819B57F1C0093475E /* Project object */;
			proxyType = 1;
			remoteGlobalIDString = A946901F19B57F1C0093475E;
			remoteInfo = CSVUtilExample;
		};
/* End PBXContainerItemProxy section */

/* Begin PBXFileReference section */
		231FC996F6B04D0392DB3E4C /* Pods.xcconfig */ = {isa = PBXFileReference; includeInIndex = 1; lastKnownFileType = text.xcconfig; name = Pods.xcconfig; path = Pods/Pods.xcconfig; sourceTree = "<group>"; };
		6BC21693671843EC94F1AE26 /* libPods.a */ = {isa = PBXFileReference; explicitFileType = archive.ar; includeInIndex = 0; path = libPods.a; sourceTree = BUILT_PRODUCTS_DIR; };
		A946902019B57F1C0093475E /* CSVUtilExample.app */ = {isa = PBXFileReference; explicitFileType = wrapper.application; includeInIndex = 0; path = CSVUtilExample.app; sourceTree = BUILT_PRODUCTS_DIR; };
		A946902319B57F1C0093475E /* Foundation.framework */ = {isa = PBXFileReference; lastKnownFileType = wrapper.framework; name = Foundation.framework; path = System/Library/Frameworks/Foundation.framework; sourceTree = SDKROOT; };
		A946902519B57F1C0093475E /* CoreGraphics.framework */ = {isa = PBXFileReference; lastKnownFileType = wrapper.framework; name = CoreGraphics.framework; path = System/Library/Frameworks/CoreGraphics.framework; sourceTree = SDKROOT; };
		A946902719B57F1C0093475E /* UIKit.framework */ = {isa = PBXFileReference; lastKnownFileType = wrapper.framework; name = UIKit.framework; path = System/Library/Frameworks/UIKit.framework; sourceTree = SDKROOT; };
		A946902B19B57F1C0093475E /* CSVUtilExample-Info.plist */ = {isa = PBXFileReference; lastKnownFileType = text.plist.xml; path = "CSVUtilExample-Info.plist"; sourceTree = "<group>"; };
		A946902D19B57F1C0093475E /* en */ = {isa = PBXFileReference; lastKnownFileType = text.plist.strings; name = en; path = en.lproj/InfoPlist.strings; sourceTree = "<group>"; };
		A946902F19B57F1C0093475E /* main.m */ = {isa = PBXFileReference; lastKnownFileType = sourcecode.c.objc; path = main.m; sourceTree = "<group>"; };
		A946903119B57F1C0093475E /* CSVUtilExample-Prefix.pch */ = {isa = PBXFileReference; lastKnownFileType = sourcecode.c.h; path = "CSVUtilExample-Prefix.pch"; sourceTree = "<group>"; };
		A946903219B57F1C0093475E /* MMPAppDelegate.h */ = {isa = PBXFileReference; lastKnownFileType = sourcecode.c.h; path = MMPAppDelegate.h; sourceTree = "<group>"; };
		A946903319B57F1C0093475E /* MMPAppDelegate.m */ = {isa = PBXFileReference; lastKnownFileType = sourcecode.c.objc; path = MMPAppDelegate.m; sourceTree = "<group>"; };
		A946903619B57F1C0093475E /* Base */ = {isa = PBXFileReference; lastKnownFileType = file.storyboard; name = Base; path = Base.lproj/Main.storyboard; sourceTree = "<group>"; };
		A946903819B57F1C0093475E /* MMPViewController.h */ = {isa = PBXFileReference; lastKnownFileType = sourcecode.c.h; path = MMPViewController.h; sourceTree = "<group>"; };
		A946903919B57F1C0093475E /* MMPViewController.m */ = {isa = PBXFileReference; lastKnownFileType = sourcecode.c.objc; path = MMPViewController.m; sourceTree = "<group>"; };
		A946903B19B57F1C0093475E /* Images.xcassets */ = {isa = PBXFileReference; lastKnownFileType = folder.assetcatalog; path = Images.xcassets; sourceTree = "<group>"; };
		A946904119B57F1C0093475E /* CSVUtilExampleTests.xctest */ = {isa = PBXFileReference; explicitFileType = wrapper.cfbundle; includeInIndex = 0; path = CSVUtilExampleTests.xctest; sourceTree = BUILT_PRODUCTS_DIR; };
		A946904219B57F1C0093475E /* XCTest.framework */ = {isa = PBXFileReference; lastKnownFileType = wrapper.framework; name = XCTest.framework; path = Library/Frameworks/XCTest.framework; sourceTree = DEVELOPER_DIR; };
		A946904A19B57F1C0093475E /* CSVUtilExampleTests-Info.plist */ = {isa = PBXFileReference; lastKnownFileType = text.plist.xml; path = "CSVUtilExampleTests-Info.plist"; sourceTree = "<group>"; };
		A946904C19B57F1C0093475E /* en */ = {isa = PBXFileReference; lastKnownFileType = text.plist.strings; name = en; path = en.lproj/InfoPlist.strings; sourceTree = "<group>"; };
		A946904E19B57F1C0093475E /* CSVUtilExampleTests.m */ = {isa = PBXFileReference; lastKnownFileType = sourcecode.c.objc; path = CSVUtilExampleTests.m; sourceTree = "<group>"; };
		A946905819B5C9010093475E /* test1.csv */ = {isa = PBXFileReference; fileEncoding = 4; lastKnownFileType = text; path = test1.csv; sourceTree = "<group>"; };
		A97571EF19D5014B008AD70D /* test2.csv */ = {isa = PBXFileReference; fileEncoding = 4; lastKnownFileType = text; path = test2.csv; sourceTree = "<group>"; };
/* End PBXFileReference section */

/* Begin PBXFrameworksBuildPhase section */
		A946901D19B57F1C0093475E /* Frameworks */ = {
			isa = PBXFrameworksBuildPhase;
			buildActionMask = 2147483647;
			files = (
				A946902619B57F1C0093475E /* CoreGraphics.framework in Frameworks */,
				A946902819B57F1C0093475E /* UIKit.framework in Frameworks */,
				A946902419B57F1C0093475E /* Foundation.framework in Frameworks */,
				08AFD0729FDC4589A67CB184 /* libPods.a in Frameworks */,
			);
			runOnlyForDeploymentPostprocessing = 0;
		};
		A946903E19B57F1C0093475E /* Frameworks */ = {
			isa = PBXFrameworksBuildPhase;
			buildActionMask = 2147483647;
			files = (
				A946904319B57F1C0093475E /* XCTest.framework in Frameworks */,
				A946904519B57F1C0093475E /* UIKit.framework in Frameworks */,
				A946904419B57F1C0093475E /* Foundation.framework in Frameworks */,
			);
			runOnlyForDeploymentPostprocessing = 0;
		};
/* End PBXFrameworksBuildPhase section */

/* Begin PBXGroup section */
		A946901719B57F1C0093475E = {
			isa = PBXGroup;
			children = (
				A946902919B57F1C0093475E /* CSVUtilExample */,
				A946904819B57F1C0093475E /* CSVUtilExampleTests */,
				A946902219B57F1C0093475E /* Frameworks */,
				A946902119B57F1C0093475E /* Products */,
				231FC996F6B04D0392DB3E4C /* Pods.xcconfig */,
			);
			sourceTree = "<group>";
		};
		A946902119B57F1C0093475E /* Products */ = {
			isa = PBXGroup;
			children = (
				A946902019B57F1C0093475E /* CSVUtilExample.app */,
				A946904119B57F1C0093475E /* CSVUtilExampleTests.xctest */,
			);
			name = Products;
			sourceTree = "<group>";
		};
		A946902219B57F1C0093475E /* Frameworks */ = {
			isa = PBXGroup;
			children = (
				A946902319B57F1C0093475E /* Foundation.framework */,
				A946902519B57F1C0093475E /* CoreGraphics.framework */,
				A946902719B57F1C0093475E /* UIKit.framework */,
				A946904219B57F1C0093475E /* XCTest.framework */,
				6BC21693671843EC94F1AE26 /* libPods.a */,
			);
			name = Frameworks;
			sourceTree = "<group>";
		};
		A946902919B57F1C0093475E /* CSVUtilExample */ = {
			isa = PBXGroup;
			children = (
				A946903219B57F1C0093475E /* MMPAppDelegate.h */,
				A946903319B57F1C0093475E /* MMPAppDelegate.m */,
				A946903519B57F1C0093475E /* Main.storyboard */,
				A946903819B57F1C0093475E /* MMPViewController.h */,
				A946903919B57F1C0093475E /* MMPViewController.m */,
				A946903B19B57F1C0093475E /* Images.xcassets */,
				A946902A19B57F1C0093475E /* Supporting Files */,
				A946905819B5C9010093475E /* test1.csv */,
				A97571EF19D5014B008AD70D /* test2.csv */,
			);
			path = CSVUtilExample;
			sourceTree = "<group>";
		};
		A946902A19B57F1C0093475E /* Supporting Files */ = {
			isa = PBXGroup;
			children = (
				A946902B19B57F1C0093475E /* CSVUtilExample-Info.plist */,
				A946902C19B57F1C0093475E /* InfoPlist.strings */,
				A946902F19B57F1C0093475E /* main.m */,
				A946903119B57F1C0093475E /* CSVUtilExample-Prefix.pch */,
			);
			name = "Supporting Files";
			sourceTree = "<group>";
		};
		A946904819B57F1C0093475E /* CSVUtilExampleTests */ = {
			isa = PBXGroup;
			children = (
				A946904E19B57F1C0093475E /* CSVUtilExampleTests.m */,
				A946904919B57F1C0093475E /* Supporting Files */,
			);
			path = CSVUtilExampleTests;
			sourceTree = "<group>";
		};
		A946904919B57F1C0093475E /* Supporting Files */ = {
			isa = PBXGroup;
			children = (
				A946904A19B57F1C0093475E /* CSVUtilExampleTests-Info.plist */,
				A946904B19B57F1C0093475E /* InfoPlist.strings */,
			);
			name = "Supporting Files";
			sourceTree = "<group>";
		};
/* End PBXGroup section */

/* Begin PBXNativeTarget section */
		A946901F19B57F1C0093475E /* CSVUtilExample */ = {
			isa = PBXNativeTarget;
			buildConfigurationList = A946905219B57F1C0093475E /* Build configuration list for PBXNativeTarget "CSVUtilExample" */;
			buildPhases = (
				6DD1664F43F640EEA28418D6 /* Check Pods Manifest.lock */,
				A946901C19B57F1C0093475E /* Sources */,
				A946901D19B57F1C0093475E /* Frameworks */,
				A946901E19B57F1C0093475E /* Resources */,
				9A2D4B8286034CF8A2E6B52A /* Copy Pods Resources */,
			);
			buildRules = (
			);
			dependencies = (
			);
			name = CSVUtilExample;
			productName = CSVUtilExample;
			productReference = A946902019B57F1C0093475E /* CSVUtilExample.app */;
			productType = "com.apple.product-type.application";
		};
		A946904019B57F1C0093475E /* CSVUtilExampleTests */ = {
			isa = PBXNativeTarget;
			buildConfigurationList = A946905519B57F1C0093475E /* Build configuration list for PBXNativeTarget "CSVUtilExampleTests" */;
			buildPhases = (
				A946903D19B57F1C0093475E /* Sources */,
				A946903E19B57F1C0093475E /* Frameworks */,
				A946903F19B57F1C0093475E /* Resources */,
			);
			buildRules = (
			);
			dependencies = (
				A946904719B57F1C0093475E /* PBXTargetDependency */,
			);
			name = CSVUtilExampleTests;
			productName = CSVUtilExampleTests;
			productReference = A946904119B57F1C0093475E /* CSVUtilExampleTests.xctest */;
			productType = "com.apple.product-type.bundle.unit-test";
		};
/* End PBXNativeTarget section */

/* Begin PBXProject section */
		A946901819B57F1C0093475E /* Project object */ = {
			isa = PBXProject;
			attributes = {
				CLASSPREFIX = MMP;
				LastUpgradeCheck = 0510;
				ORGANIZATIONNAME = Purbo;
				TargetAttributes = {
					A946904019B57F1C0093475E = {
						TestTargetID = A946901F19B57F1C0093475E;
					};
				};
			};
			buildConfigurationList = A946901B19B57F1C0093475E /* Build configuration list for PBXProject "CSVUtilExample" */;
			compatibilityVersion = "Xcode 3.2";
			developmentRegion = English;
			hasScannedForEncodings = 0;
			knownRegions = (
				en,
				Base,
			);
			mainGroup = A946901719B57F1C0093475E;
			productRefGroup = A946902119B57F1C0093475E /* Products */;
			projectDirPath = "";
			projectRoot = "";
			targets = (
				A946901F19B57F1C0093475E /* CSVUtilExample */,
				A946904019B57F1C0093475E /* CSVUtilExampleTests */,
			);
		};
/* End PBXProject section */

/* Begin PBXResourcesBuildPhase section */
		A946901E19B57F1C0093475E /* Resources */ = {
			isa = PBXResourcesBuildPhase;
			buildActionMask = 2147483647;
			files = (
				A97571F119D5014B008AD70D /* test2.csv in Resources */,
				A946903C19B57F1C0093475E /* Images.xcassets in Resources */,
				A946902E19B57F1C0093475E /* InfoPlist.strings in Resources */,
				A946903719B57F1C0093475E /* Main.storyboard in Resources */,
				A946905919B5C9010093475E /* test1.csv in Resources */,
			);
			runOnlyForDeploymentPostprocessing = 0;
		};
		A946903F19B57F1C0093475E /* Resources */ = {
			isa = PBXResourcesBuildPhase;
			buildActionMask = 2147483647;
			files = (
				A946904D19B57F1C0093475E /* InfoPlist.strings in Resources */,
			);
			runOnlyForDeploymentPostprocessing = 0;
		};
/* End PBXResourcesBuildPhase section */

/* Begin PBXShellScriptBuildPhase section */
		6DD1664F43F640EEA28418D6 /* Check Pods Manifest.lock */ = {
			isa = PBXShellScriptBuildPhase;
			buildActionMask = 2147483647;
			files = (
			);
			inputPaths = (
			);
			name = "Check Pods Manifest.lock";
			outputPaths = (
			);
			runOnlyForDeploymentPostprocessing = 0;
			shellPath = /bin/sh;
			shellScript = "diff \"${PODS_ROOT}/../Podfile.lock\" \"${PODS_ROOT}/Manifest.lock\" > /dev/null\nif [[ $? != 0 ]] ; then\n    cat << EOM\nerror: The sandbox is not in sync with the Podfile.lock. Run 'pod install' or update your CocoaPods installation.\nEOM\n    exit 1\nfi\n";
			showEnvVarsInLog = 0;
		};
		9A2D4B8286034CF8A2E6B52A /* Copy Pods Resources */ = {
			isa = PBXShellScriptBuildPhase;
			buildActionMask = 2147483647;
			files = (
			);
			inputPaths = (
			);
			name = "Copy Pods Resources";
			outputPaths = (
			);
			runOnlyForDeploymentPostprocessing = 0;
			shellPath = /bin/sh;
			shellScript = "\"${SRCROOT}/Pods/Pods-resources.sh\"\n";
			showEnvVarsInLog = 0;
		};
/* End PBXShellScriptBuildPhase section */

/* Begin PBXSourcesBuildPhase section */
		A946901C19B57F1C0093475E /* Sources */ = {
			isa = PBXSourcesBuildPhase;
			buildActionMask = 2147483647;
			files = (
				A946903019B57F1C0093475E /* main.m in Sources */,
				A946903419B57F1C0093475E /* MMPAppDelegate.m in Sources */,
				A946903A19B57F1C0093475E /* MMPViewController.m in Sources */,
			);
			runOnlyForDeploymentPostprocessing = 0;
		};
		A946903D19B57F1C0093475E /* Sources */ = {
			isa = PBXSourcesBuildPhase;
			buildActionMask = 2147483647;
			files = (
				A946904F19B57F1C0093475E /* CSVUtilExampleTests.m in Sources */,
			);
			runOnlyForDeploymentPostprocessing = 0;
		};
/* End PBXSourcesBuildPhase section */

/* Begin PBXTargetDependency section */
		A946904719B57F1C0093475E /* PBXTargetDependency */ = {
			isa = PBXTargetDependency;
			target = A946901F19B57F1C0093475E /* CSVUtilExample */;
			targetProxy = A946904619B57F1C0093475E /* PBXContainerItemProxy */;
		};
/* End PBXTargetDependency section */

/* Begin PBXVariantGroup section */
		A946902C19B57F1C0093475E /* InfoPlist.strings */ = {
			isa = PBXVariantGroup;
			children = (
				A946902D19B57F1C0093475E /* en */,
			);
			name = InfoPlist.strings;
			sourceTree = "<group>";
		};
		A946903519B57F1C0093475E /* Main.storyboard */ = {
			isa = PBXVariantGroup;
			children = (
				A946903619B57F1C0093475E /* Base */,
			);
			name = Main.storyboard;
			sourceTree = "<group>";
		};
		A946904B19B57F1C0093475E /* InfoPlist.strings */ = {
			isa = PBXVariantGroup;
			children = (
				A946904C19B57F1C0093475E /* en */,
			);
			name = InfoPlist.strings;
			sourceTree = "<group>";
		};
/* End PBXVariantGroup section */

/* Begin XCBuildConfiguration section */
		A946905019B57F1C0093475E /* Debug */ = {
			isa = XCBuildConfiguration;
			buildSettings = {
				ALWAYS_SEARCH_USER_PATHS = NO;
				CLANG_CXX_LANGUAGE_STANDARD = "gnu++0x";
				CLANG_CXX_LIBRARY = "libc++";
				CLANG_ENABLE_MODULES = YES;
				CLANG_ENABLE_OBJC_ARC = YES;
				CLANG_WARN_BOOL_CONVERSION = YES;
				CLANG_WARN_CONSTANT_CONVERSION = YES;
				CLANG_WARN_DIRECT_OBJC_ISA_USAGE = YES_ERROR;
				CLANG_WARN_EMPTY_BODY = YES;
				CLANG_WARN_ENUM_CONVERSION = YES;
				CLANG_WARN_INT_CONVERSION = YES;
				CLANG_WARN_OBJC_ROOT_CLASS = YES_ERROR;
				CLANG_WARN__DUPLICATE_METHOD_MATCH = YES;
				"CODE_SIGN_IDENTITY[sdk=iphoneos*]" = "iPhone Developer";
				COPY_PHASE_STRIP = NO;
				GCC_C_LANGUAGE_STANDARD = gnu99;
				GCC_DYNAMIC_NO_PIC = NO;
				GCC_OPTIMIZATION_LEVEL = 0;
				GCC_PREPROCESSOR_DEFINITIONS = (
					"DEBUG=1",
					"$(inherited)",
				);
				GCC_SYMBOLS_PRIVATE_EXTERN = NO;
				GCC_WARN_64_TO_32_BIT_CONVERSION = YES;
				GCC_WARN_ABOUT_RETURN_TYPE = YES_ERROR;
				GCC_WARN_UNDECLARED_SELECTOR = YES;
				GCC_WARN_UNINITIALIZED_AUTOS = YES_AGGRESSIVE;
				GCC_WARN_UNUSED_FUNCTION = YES;
				GCC_WARN_UNUSED_VARIABLE = YES;
				IPHONEOS_DEPLOYMENT_TARGET = 7.1;
				ONLY_ACTIVE_ARCH = YES;
				SDKROOT = iphoneos;
			};
			name = Debug;
		};
		A946905119B57F1C0093475E /* Release */ = {
			isa = XCBuildConfiguration;
			buildSettings = {
				ALWAYS_SEARCH_USER_PATHS = NO;
				CLANG_CXX_LANGUAGE_STANDARD = "gnu++0x";
				CLANG_CXX_LIBRARY = "libc++";
				CLANG_ENABLE_MODULES = YES;
				CLANG_ENABLE_OBJC_ARC = YES;
				CLANG_WARN_BOOL_CONVERSION = YES;
				CLANG_WARN_CONSTANT_CONVERSION = YES;
				CLANG_WARN_DIRECT_OBJC_ISA_USAGE = YES_ERROR;
				CLANG_WARN_EMPTY_BODY = YES;
				CLANG_WARN_ENUM_CONVERSION = YES;
				CLANG_WARN_INT_CONVERSION = YES;
				CLANG_WARN_OBJC_ROOT_CLASS = YES_ERROR;
				CLANG_WARN__DUPLICATE_METHOD_MATCH = YES;
				"CODE_SIGN_IDENTITY[sdk=iphoneos*]" = "iPhone Developer";
				COPY_PHASE_STRIP = YES;
				ENABLE_NS_ASSERTIONS = NO;
				GCC_C_LANGUAGE_STANDARD = gnu99;
				GCC_WARN_64_TO_32_BIT_CONVERSION = YES;
				GCC_WARN_ABOUT_RETURN_TYPE = YES_ERROR;
				GCC_WARN_UNDECLARED_SELECTOR = YES;
				GCC_WARN_UNINITIALIZED_AUTOS = YES_AGGRESSIVE;
				GCC_WARN_UNUSED_FUNCTION = YES;
				GCC_WARN_UNUSED_VARIABLE = YES;
				IPHONEOS_DEPLOYMENT_TARGET = 7.1;
				SDKROOT = iphoneos;
				VALIDATE_PRODUCT = YES;
			};
			name = Release;
		};
		A946905319B57F1C0093475E /* Debug */ = {
			isa = XCBuildConfiguration;
			baseConfigurationReference = 231FC996F6B04D0392DB3E4C /* Pods.xcconfig */;
			buildSettings = {
				ASSETCATALOG_COMPILER_APPICON_NAME = AppIcon;
				ASSETCATALOG_COMPILER_LAUNCHIMAGE_NAME = LaunchImage;
				GCC_PRECOMPILE_PREFIX_HEADER = YES;
				GCC_PREFIX_HEADER = "CSVUtilExample/CSVUtilExample-Prefix.pch";
				INFOPLIST_FILE = "CSVUtilExample/CSVUtilExample-Info.plist";
				PRODUCT_NAME = "$(TARGET_NAME)";
				WRAPPER_EXTENSION = app;
			};
			name = Debug;
		};
		A946905419B57F1C0093475E /* Release */ = {
			isa = XCBuildConfiguration;
			baseConfigurationReference = 231FC996F6B04D0392DB3E4C /* Pods.xcconfig */;
			buildSettings = {
				ASSETCATALOG_COMPILER_APPICON_NAME = AppIcon;
				ASSETCATALOG_COMPILER_LAUNCHIMAGE_NAME = LaunchImage;
				GCC_PRECOMPILE_PREFIX_HEADER = YES;
				GCC_PREFIX_HEADER = "CSVUtilExample/CSVUtilExample-Prefix.pch";
				INFOPLIST_FILE = "CSVUtilExample/CSVUtilExample-Info.plist";
				PRODUCT_NAME = "$(TARGET_NAME)";
				WRAPPER_EXTENSION = app;
			};
			name = Release;
		};
		A946905619B57F1C0093475E /* Debug */ = {
			isa = XCBuildConfiguration;
			buildSettings = {
				BUNDLE_LOADER = "$(BUILT_PRODUCTS_DIR)/CSVUtilExample.app/CSVUtilExample";
				FRAMEWORK_SEARCH_PATHS = (
					"$(SDKROOT)/Developer/Library/Frameworks",
					"$(inherited)",
					"$(DEVELOPER_FRAMEWORKS_DIR)",
				);
				GCC_PRECOMPILE_PREFIX_HEADER = YES;
				GCC_PREFIX_HEADER = "CSVUtilExample/CSVUtilExample-Prefix.pch";
				GCC_PREPROCESSOR_DEFINITIONS = (
					"DEBUG=1",
					"$(inherited)",
				);
				INFOPLIST_FILE = "CSVUtilExampleTests/CSVUtilExampleTests-Info.plist";
				PRODUCT_NAME = "$(TARGET_NAME)";
				TEST_HOST = "$(BUNDLE_LOADER)";
				WRAPPER_EXTENSION = xctest;
			};
			name = Debug;
		};
		A946905719B57F1C0093475E /* Release */ = {
			isa = XCBuildConfiguration;
			buildSettings = {
				BUNDLE_LOADER = "$(BUILT_PRODUCTS_DIR)/CSVUtilExample.app/CSVUtilExample";
				FRAMEWORK_SEARCH_PATHS = (
					"$(SDKROOT)/Developer/Library/Frameworks",
					"$(inherited)",
					"$(DEVELOPER_FRAMEWORKS_DIR)",
				);
				GCC_PRECOMPILE_PREFIX_HEADER = YES;
				GCC_PREFIX_HEADER = "CSVUtilExample/CSVUtilExample-Prefix.pch";
				INFOPLIST_FILE = "CSVUtilExampleTests/CSVUtilExampleTests-Info.plist";
				PRODUCT_NAME = "$(TARGET_NAME)";
				TEST_HOST = "$(BUNDLE_LOADER)";
				WRAPPER_EXTENSION = xctest;
			};
			name = Release;
		};
/* End XCBuildConfiguration section */

/* Begin XCConfigurationList section */
		A946901B19B57F1C0093475E /* Build configuration list for PBXProject "CSVUtilExample" */ = {
			isa = XCConfigurationList;
			buildConfigurations = (
				A946905019B57F1C0093475E /* Debug */,
				A946905119B57F1C0093475E /* Release */,
			);
			defaultConfigurationIsVisible = 0;
			defaultConfigurationName = Release;
		};
		A946905219B57F1C0093475E /* Build configuration list for PBXNativeTarget "CSVUtilExample" */ = {
			isa = XCConfigurationList;
			buildConfigurations = (
				A946905319B57F1C0093475E /* Debug */,
				A946905419B57F1C0093475E /* Release */,
			);
			defaultConfigurationIsVisible = 0;
			defaultConfigurationName = Release;
		};
		A946905519B57F1C0093475E /* Build configuration list for PBXNativeTarget "CSVUtilExampleTests" */ = {
			isa = XCConfigurationList;
			buildConfigurations = (
				A946905619B57F1C0093475E /* Debug */,
				A946905719B57F1C0093475E /* Release */,
			);
			defaultConfigurationIsVisible = 0;
			defaultConfigurationName = Release;
		};
/* End XCConfigurationList section */
	};
	rootObject = A946901819B57F1C0093475E /* Project object */;
}
